
Microsoft Visual Studio Solution File, Format Version 12.00
# Visual Studio Version 16
VisualStudioVersion = 16.0.30517.126
MinimumVisualStudioVersion = 10.0.40219.1
Project("{FAE04EC0-301F-11D3-BF4B-00C04F79EFBC}") = "Bilal", "Bilal\Bilal.csproj", "{CA1F74E5-2779-4943-A5DF-3656E98984C5}"
EndProject
Global
	GlobalSection(SolutionConfigurationPlatforms) = preSolution
		Debug|Any CPU = Debug|Any CPU
		Release|Any CPU = Release|Any CPU
	EndGlobalSection
	GlobalSection(ProjectConfigurationPlatforms) = postSolution
		{CA1F74E5-2779-4943-A5DF-3656E98984C5}.Debug|Any CPU.ActiveCfg = Debug|Any CPU
		{CA1F74E5-2779-4943-A5DF-3656E98984C5}.Debug|Any CPU.Build.0 = Debug|Any CPU
		{CA1F74E5-2779-4943-A5DF-3656E98984C5}.Release|Any CPU.ActiveCfg = Release|Any CPU
		{CA1F74E5-2779-4943-A5DF-3656E98984C5}.Release|Any CPU.Build.0 = Release|Any CPU
	EndGlobalSection
	GlobalSection(SolutionProperties) = preSolution
		HideSolutionNode = FALSE
	EndGlobalSection
	GlobalSection(ExtensibilityGlobals) = postSolution
		SolutionGuid = {9E1704EC-8AF8-46A8-AF9F-B0D2F540E523}
	EndGlobalSection
EndGlobal
